
Microsoft Visual Studio Solution File, Format Version 12.00
# Visual Studio Version 17
VisualStudioVersion = 17.7.34031.279
MinimumVisualStudioVersion = 10.0.40219.1
Project("{8BC9CEB8-8B4A-11D0-8D11-00A0C91BC942}") = "HWIDSpoofer", "HWIDSpoofer\HWIDSpoofer.vcxproj", "{2C270849-BD8D-45C9-A769-54B760976F78}"
EndProject
Project("{8BC9CEB8-8B4A-11D0-8D11-00A0C91BC942}") = "HVCIDriver", "ModernDriver\HVCIDriver.vcxproj", "{A1B2C3D4-E5F6-7890-ABCD-EF1234567890}"
EndProject
Project("{8BC9CEB8-8B4A-11D0-8D11-00A0C91BC942}") = "ARPMonitor", "ARPMonitor\ARPMonitor.vcxproj", "{B2C3D4E5-F6A7-8901-BCDE-F12345678901}"
EndProject
Project("{8BC9CEB8-8B4A-11D0-8D11-00A0C91BC942}") = "ControlPanel", "ControlPanel\ControlPanel.vcxproj", "{C3D4E5F6-A7B8-9012-CDEF-123456789ABC}"
EndProject
Global
	GlobalSection(SolutionConfigurationPlatforms) = preSolution
		Debug|ARM64 = Debug|ARM64
		Debug|x64 = Debug|x64
		Debug|x86 = Debug|x86
		Release|ARM64 = Release|ARM64
		Release|x64 = Release|x64
		Release|x86 = Release|x86
	EndGlobalSection
	GlobalSection(ProjectConfigurationPlatforms) = postSolution
		{2C270849-BD8D-45C9-A769-54B760976F78}.Debug|ARM64.ActiveCfg = Debug|ARM64
		{2C270849-BD8D-45C9-A769-54B760976F78}.Debug|ARM64.Build.0 = Debug|ARM64
		{2C270849-BD8D-45C9-A769-54B760976F78}.Debug|ARM64.Deploy.0 = Debug|ARM64
		{2C270849-BD8D-45C9-A769-54B760976F78}.Debug|x64.ActiveCfg = Debug|x64
		{2C270849-BD8D-45C9-A769-54B760976F78}.Debug|x64.Build.0 = Debug|x64
		{2C270849-BD8D-45C9-A769-54B760976F78}.Debug|x64.Deploy.0 = Debug|x64
		{2C270849-BD8D-45C9-A769-54B760976F78}.Debug|x86.ActiveCfg = Debug|x64
		{2C270849-BD8D-45C9-A769-54B760976F78}.Debug|x86.Build.0 = Debug|x64
		{2C270849-BD8D-45C9-A769-54B760976F78}.Debug|x86.Deploy.0 = Debug|x64
		{2C270849-BD8D-45C9-A769-54B760976F78}.Release|ARM64.ActiveCfg = Release|ARM64
		{2C270849-BD8D-45C9-A769-54B760976F78}.Release|ARM64.Build.0 = Release|ARM64
		{2C270849-BD8D-45C9-A769-54B760976F78}.Release|ARM64.Deploy.0 = Release|ARM64
		{2C270849-BD8D-45C9-A769-54B760976F78}.Release|x64.ActiveCfg = Release|x64
		{2C270849-BD8D-45C9-A769-54B760976F78}.Release|x64.Build.0 = Release|x64
		{2C270849-BD8D-45C9-A769-54B760976F78}.Release|x64.Deploy.0 = Release|x64
		{2C270849-BD8D-45C9-A769-54B760976F78}.Release|x86.ActiveCfg = Release|x64
		{2C270849-BD8D-45C9-A769-54B760976F78}.Release|x86.Build.0 = Release|x64
		{2C270849-BD8D-45C9-A769-54B760976F78}.Release|x86.Deploy.0 = Release|x64
		{A1B2C3D4-E5F6-7890-ABCD-EF1234567890}.Debug|ARM64.ActiveCfg = Debug|ARM64
		{A1B2C3D4-E5F6-7890-ABCD-EF1234567890}.Debug|ARM64.Build.0 = Debug|ARM64
		{A1B2C3D4-E5F6-7890-ABCD-EF1234567890}.Debug|x64.ActiveCfg = Debug|x64
		{A1B2C3D4-E5F6-7890-ABCD-EF1234567890}.Debug|x64.Build.0 = Debug|x64
		{A1B2C3D4-E5F6-7890-ABCD-EF1234567890}.Release|ARM64.ActiveCfg = Release|ARM64
		{A1B2C3D4-E5F6-7890-ABCD-EF1234567890}.Release|ARM64.Build.0 = Release|ARM64
		{A1B2C3D4-E5F6-7890-ABCD-EF1234567890}.Release|x64.ActiveCfg = Release|x64
		{A1B2C3D4-E5F6-7890-ABCD-EF1234567890}.Release|x64.Build.0 = Release|x64
		{B2C3D4E5-F6A7-8901-BCDE-F12345678901}.Debug|ARM64.ActiveCfg = Debug|ARM64
		{B2C3D4E5-F6A7-8901-BCDE-F12345678901}.Debug|ARM64.Build.0 = Debug|ARM64
		{B2C3D4E5-F6A7-8901-BCDE-F12345678901}.Debug|x64.ActiveCfg = Debug|x64
		{B2C3D4E5-F6A7-8901-BCDE-F12345678901}.Debug|x64.Build.0 = Debug|x64
		{B2C3D4E5-F6A7-8901-BCDE-F12345678901}.Release|ARM64.ActiveCfg = Release|ARM64
		{B2C3D4E5-F6A7-8901-BCDE-F12345678901}.Release|ARM64.Build.0 = Release|ARM64
		{B2C3D4E5-F6A7-8901-BCDE-F12345678901}.Release|x64.ActiveCfg = Release|x64
		{B2C3D4E5-F6A7-8901-BCDE-F12345678901}.Release|x64.Build.0 = Release|x64
		{C3D4E5F6-A7B8-9012-CDEF-123456789ABC}.Debug|ARM64.ActiveCfg = Debug|ARM64
		{C3D4E5F6-A7B8-9012-CDEF-123456789ABC}.Debug|ARM64.Build.0 = Debug|ARM64
		{C3D4E5F6-A7B8-9012-CDEF-123456789ABC}.Debug|x64.ActiveCfg = Debug|x64
		{C3D4E5F6-A7B8-9012-CDEF-123456789ABC}.Debug|x64.Build.0 = Debug|x64
		{C3D4E5F6-A7B8-9012-CDEF-123456789ABC}.Debug|x86.ActiveCfg = Debug|x64
		{C3D4E5F6-A7B8-9012-CDEF-123456789ABC}.Release|ARM64.ActiveCfg = Release|ARM64
		{C3D4E5F6-A7B8-9012-CDEF-123456789ABC}.Release|ARM64.Build.0 = Release|ARM64
		{C3D4E5F6-A7B8-9012-CDEF-123456789ABC}.Release|x64.ActiveCfg = Release|x64
		{C3D4E5F6-A7B8-9012-CDEF-123456789ABC}.Release|x64.Build.0 = Release|x64
		{C3D4E5F6-A7B8-9012-CDEF-123456789ABC}.Release|x86.ActiveCfg = Release|x64
	EndGlobalSection
	GlobalSection(SolutionProperties) = preSolution
		HideSolutionNode = FALSE
	EndGlobalSection
	GlobalSection(ExtensibilityGlobals) = postSolution
		SolutionGuid = {3A3F8E06-9610-4181-B85B-F58A82D2D1DA}
	EndGlobalSection
EndGlobal
